
Microsoft Visual Studio Solution File, Format Version 12.00
# Visual Studio Version 17
VisualStudioVersion = 17.5.33530.505
MinimumVisualStudioVersion = 10.0.40219.1
Project("{FAE04EC0-301F-11D3-BF4B-00C04F79EFBC}") = "WebApplication3", "WebApplication3\WebApplication3.csproj", "{00E807E6-BDC2-4183-AD4B-13675D89B50A}"
EndProject
Global
	GlobalSection(SolutionConfigurationPlatforms) = preSolution
		Debug|Any CPU = Debug|Any CPU
		Release|Any CPU = Release|Any CPU
	EndGlobalSection
	GlobalSection(ProjectConfigurationPlatforms) = postSolution
		{00E807E6-BDC2-4183-AD4B-13675D89B50A}.Debug|Any CPU.ActiveCfg = Debug|Any CPU
		{00E807E6-BDC2-4183-AD4B-13675D89B50A}.Debug|Any CPU.Build.0 = Debug|Any CPU
		{00E807E6-BDC2-4183-AD4B-13675D89B50A}.Release|Any CPU.ActiveCfg = Release|Any CPU
		{00E807E6-BDC2-4183-AD4B-13675D89B50A}.Release|Any CPU.Build.0 = Release|Any CPU
	EndGlobalSection
	GlobalSection(SolutionProperties) = preSolution
		HideSolutionNode = FALSE
	EndGlobalSection
	GlobalSection(ExtensibilityGlobals) = postSolution
		SolutionGuid = {16D1F499-50F4-4CAF-9C4D-E51AF70CA673}
	EndGlobalSection
EndGlobal
